
Microsoft Visual Studio Solution File, Format Version 12.00
# Visual Studio Version 17
VisualStudioVersion = 17.4.33110.190
MinimumVisualStudioVersion = 10.0.40219.1
Project("{FAE04EC0-301F-11D3-BF4B-00C04F79EFBC}") = "Mint.Common", "Mint.Common\Mint.Common.csproj", "{58D7DD2E-EDD7-4718-81C2-570B97736604}"
EndProject
Project("{FAE04EC0-301F-11D3-BF4B-00C04F79EFBC}") = "Mint.Protocol", "Mint.Protocol\Mint.Protocol.csproj", "{38FBA785-8A82-4CAE-961C-7BD1926E93AB}"
EndProject
Project("{2150E333-8FDC-42A3-9474-1A3956D46DE8}") = "Solution Items", "Solution Items", "{0EDF2DE3-755A-4E00-96DC-C37914B9C18D}"
	ProjectSection(SolutionItems) = preProject
		..\MintOld\.gitignore = ..\MintOld\.gitignore
		..\MintOld\LICENSE = ..\MintOld\LICENSE
		..\MintOld\README.md = ..\MintOld\README.md
	EndProjectSection
EndProject
Project("{FAE04EC0-301F-11D3-BF4B-00C04F79EFBC}") = "Mint.Server", "Mint.Server\Mint.Server.csproj", "{7D501A3E-D456-4EED-823F-9CC3B2CD927C}"
EndProject
Global
	GlobalSection(SolutionConfigurationPlatforms) = preSolution
		Debug|Any CPU = Debug|Any CPU
		Release|Any CPU = Release|Any CPU
	EndGlobalSection
	GlobalSection(ProjectConfigurationPlatforms) = postSolution
		{58D7DD2E-EDD7-4718-81C2-570B97736604}.Debug|Any CPU.ActiveCfg = Debug|Any CPU
		{58D7DD2E-EDD7-4718-81C2-570B97736604}.Debug|Any CPU.Build.0 = Debug|Any CPU
		{58D7DD2E-EDD7-4718-81C2-570B97736604}.Release|Any CPU.ActiveCfg = Release|Any CPU
		{58D7DD2E-EDD7-4718-81C2-570B97736604}.Release|Any CPU.Build.0 = Release|Any CPU
		{38FBA785-8A82-4CAE-961C-7BD1926E93AB}.Debug|Any CPU.ActiveCfg = Debug|Any CPU
		{38FBA785-8A82-4CAE-961C-7BD1926E93AB}.Debug|Any CPU.Build.0 = Debug|Any CPU
		{38FBA785-8A82-4CAE-961C-7BD1926E93AB}.Release|Any CPU.ActiveCfg = Release|Any CPU
		{38FBA785-8A82-4CAE-961C-7BD1926E93AB}.Release|Any CPU.Build.0 = Release|Any CPU
		{7D501A3E-D456-4EED-823F-9CC3B2CD927C}.Debug|Any CPU.ActiveCfg = Debug|Any CPU
		{7D501A3E-D456-4EED-823F-9CC3B2CD927C}.Debug|Any CPU.Build.0 = Debug|Any CPU
		{7D501A3E-D456-4EED-823F-9CC3B2CD927C}.Release|Any CPU.ActiveCfg = Release|Any CPU
		{7D501A3E-D456-4EED-823F-9CC3B2CD927C}.Release|Any CPU.Build.0 = Release|Any CPU
	EndGlobalSection
	GlobalSection(SolutionProperties) = preSolution
		HideSolutionNode = FALSE
	EndGlobalSection
	GlobalSection(ExtensibilityGlobals) = postSolution
		SolutionGuid = {DA3C49D4-B3BB-4B52-9537-AA9AFDB41A86}
	EndGlobalSection
EndGlobal
